
Microsoft Visual Studio Solution File, Format Version 12.00
# Visual Studio 14
VisualStudioVersion = 14.0.25420.1
MinimumVisualStudioVersion = 10.0.40219.1
Project("{FAE04EC0-301F-11D3-BF4B-00C04F79EFBC}") = "vadim final 326960382 91338.16", "vadim final 326960382 91338.16\vadim final 326960382 91338.16.csproj", "{2DE66E3A-8B88-4FE1-B466-878582A0AFA0}"
EndProject
Project("{FAE04EC0-301F-11D3-BF4B-00C04F79EFBC}") = "DAL", "DAL\DAL.csproj", "{79E44941-E2F8-484E-A898-DCF784DECF76}"
EndProject
Project("{FAE04EC0-301F-11D3-BF4B-00C04F79EFBC}") = "BL", "BL\BL.csproj", "{FA075D51-0663-4B8B-8B43-766B73E47225}"
EndProject
Global
	GlobalSection(SolutionConfigurationPlatforms) = preSolution
		Debug|Any CPU = Debug|Any CPU
		Release|Any CPU = Release|Any CPU
	EndGlobalSection
	GlobalSection(ProjectConfigurationPlatforms) = postSolution
		{2DE66E3A-8B88-4FE1-B466-878582A0AFA0}.Debug|Any CPU.ActiveCfg = Debug|Any CPU
		{2DE66E3A-8B88-4FE1-B466-878582A0AFA0}.Debug|Any CPU.Build.0 = Debug|Any CPU
		{2DE66E3A-8B88-4FE1-B466-878582A0AFA0}.Release|Any CPU.ActiveCfg = Release|Any CPU
		{2DE66E3A-8B88-4FE1-B466-878582A0AFA0}.Release|Any CPU.Build.0 = Release|Any CPU
		{79E44941-E2F8-484E-A898-DCF784DECF76}.Debug|Any CPU.ActiveCfg = Debug|Any CPU
		{79E44941-E2F8-484E-A898-DCF784DECF76}.Debug|Any CPU.Build.0 = Debug|Any CPU
		{79E44941-E2F8-484E-A898-DCF784DECF76}.Release|Any CPU.ActiveCfg = Release|Any CPU
		{79E44941-E2F8-484E-A898-DCF784DECF76}.Release|Any CPU.Build.0 = Release|Any CPU
		{FA075D51-0663-4B8B-8B43-766B73E47225}.Debug|Any CPU.ActiveCfg = Debug|Any CPU
		{FA075D51-0663-4B8B-8B43-766B73E47225}.Debug|Any CPU.Build.0 = Debug|Any CPU
		{FA075D51-0663-4B8B-8B43-766B73E47225}.Release|Any CPU.ActiveCfg = Release|Any CPU
		{FA075D51-0663-4B8B-8B43-766B73E47225}.Release|Any CPU.Build.0 = Release|Any CPU
	EndGlobalSection
	GlobalSection(SolutionProperties) = preSolution
		HideSolutionNode = FALSE
	EndGlobalSection
EndGlobal
